Microsoft Visual Studio Solution File, Format Version 12.00
# Visual Studio 2012
Project("{FAE04EC0-301F-11D3-BF4B-00C04F79EFBC}") = "Thesis Project", "Thesis Project.csproj", "{B5964D15-9ECC-4230-A182-D3F215523B9C}"
EndProject
Global
	GlobalSection(SolutionConfigurationPlatforms) = preSolution
	Debug|Any CPU = Debug|Any CPU
	ExportDebug|Any CPU = ExportDebug|Any CPU
	ExportRelease|Any CPU = ExportRelease|Any CPU
	EndGlobalSection
	GlobalSection(ProjectConfigurationPlatforms) = postSolution
		{B5964D15-9ECC-4230-A182-D3F215523B9C}.Debug|Any CPU.ActiveCfg = Debug|Any CPU
		{B5964D15-9ECC-4230-A182-D3F215523B9C}.Debug|Any CPU.Build.0 = Debug|Any CPU
		{B5964D15-9ECC-4230-A182-D3F215523B9C}.ExportDebug|Any CPU.ActiveCfg = ExportDebug|Any CPU
		{B5964D15-9ECC-4230-A182-D3F215523B9C}.ExportDebug|Any CPU.Build.0 = ExportDebug|Any CPU
		{B5964D15-9ECC-4230-A182-D3F215523B9C}.ExportRelease|Any CPU.ActiveCfg = ExportRelease|Any CPU
		{B5964D15-9ECC-4230-A182-D3F215523B9C}.ExportRelease|Any CPU.Build.0 = ExportRelease|Any CPU
	EndGlobalSection
EndGlobal
